
Microsoft Visual Studio Solution File, Format Version 12.00
# Visual Studio Version 16
VisualStudioVersion = 16.0.30611.23
MinimumVisualStudioVersion = 10.0.40219.1
Project("{FAE04EC0-301F-11D3-BF4B-00C04F79EFBC}") = "ITMO.StructType", "ITMO.StructType.csproj", "{2079EF0C-4D9F-4651-B1ED-7AA12D5075F8}"
EndProject
Global
	GlobalSection(SolutionConfigurationPlatforms) = preSolution
		Debug|Any CPU = Debug|Any CPU
		Release|Any CPU = Release|Any CPU
	EndGlobalSection
	GlobalSection(ProjectConfigurationPlatforms) = postSolution
		{2079EF0C-4D9F-4651-B1ED-7AA12D5075F8}.Debug|Any CPU.ActiveCfg = Debug|Any CPU
		{2079EF0C-4D9F-4651-B1ED-7AA12D5075F8}.Debug|Any CPU.Build.0 = Debug|Any CPU
		{2079EF0C-4D9F-4651-B1ED-7AA12D5075F8}.Release|Any CPU.ActiveCfg = Release|Any CPU
		{2079EF0C-4D9F-4651-B1ED-7AA12D5075F8}.Release|Any CPU.Build.0 = Release|Any CPU
	EndGlobalSection
	GlobalSection(SolutionProperties) = preSolution
		HideSolutionNode = FALSE
	EndGlobalSection
	GlobalSection(ExtensibilityGlobals) = postSolution
		SolutionGuid = {4F75C141-1136-432C-AD8D-50AA4F86CE30}
	EndGlobalSection
EndGlobal
