
Microsoft Visual Studio Solution File, Format Version 12.00
# Visual Studio Version 16
VisualStudioVersion = 16.0.30611.23
MinimumVisualStudioVersion = 10.0.40219.1
Project("{FAE04EC0-301F-11D3-BF4B-00C04F79EFBC}") = "ITMO.TechProg.Test", "ITMO.TechProg.Test.csproj", "{57A840FF-5E55-416B-8140-C41048027026}"
EndProject
Project("{FAE04EC0-301F-11D3-BF4B-00C04F79EFBC}") = "ITMO.TechProg.ClassLibrary", "..\ITMO.TechProg.ClassLibrary\ITMO.TechProg.ClassLibrary.csproj", "{927135B4-685A-45BE-A2DF-D27FEEA9E88A}"
EndProject
Global
	GlobalSection(SolutionConfigurationPlatforms) = preSolution
		Debug|Any CPU = Debug|Any CPU
		Release|Any CPU = Release|Any CPU
	EndGlobalSection
	GlobalSection(ProjectConfigurationPlatforms) = postSolution
		{57A840FF-5E55-416B-8140-C41048027026}.Debug|Any CPU.ActiveCfg = Debug|Any CPU
		{57A840FF-5E55-416B-8140-C41048027026}.Debug|Any CPU.Build.0 = Debug|Any CPU
		{57A840FF-5E55-416B-8140-C41048027026}.Release|Any CPU.ActiveCfg = Release|Any CPU
		{57A840FF-5E55-416B-8140-C41048027026}.Release|Any CPU.Build.0 = Release|Any CPU
		{927135B4-685A-45BE-A2DF-D27FEEA9E88A}.Debug|Any CPU.ActiveCfg = Debug|Any CPU
		{927135B4-685A-45BE-A2DF-D27FEEA9E88A}.Debug|Any CPU.Build.0 = Debug|Any CPU
		{927135B4-685A-45BE-A2DF-D27FEEA9E88A}.Release|Any CPU.ActiveCfg = Release|Any CPU
		{927135B4-685A-45BE-A2DF-D27FEEA9E88A}.Release|Any CPU.Build.0 = Release|Any CPU
	EndGlobalSection
	GlobalSection(SolutionProperties) = preSolution
		HideSolutionNode = FALSE
	EndGlobalSection
	GlobalSection(ExtensibilityGlobals) = postSolution
		SolutionGuid = {B99C4A05-35F9-47A6-8FF4-12FDCCE73596}
	EndGlobalSection
EndGlobal
