Microsoft Visual Studio Solution File, Format Version 12.00
# Visual Studio Version 16
VisualStudioVersion = 16.0.30711.63
MinimumVisualStudioVersion = 10.0.40219.1
Project("{FAE04EC0-301F-11D3-BF4B-00C04F79EFBC}") = "ITMO.CSharp.Lab06Ex01", "ITMO.CSharp.Lab06Ex01.csproj", "{09F2B0E3-87D6-4978-A91B-18144A759FD7}"
EndProject
Global
	GlobalSection(SolutionConfigurationPlatforms) = preSolution
		Debug|Any CPU = Debug|Any CPU
		Release|Any CPU = Release|Any CPU
	EndGlobalSection
	GlobalSection(ProjectConfigurationPlatforms) = postSolution
		{09F2B0E3-87D6-4978-A91B-18144A759FD7}.Debug|Any CPU.ActiveCfg = Debug|Any CPU
		{09F2B0E3-87D6-4978-A91B-18144A759FD7}.Debug|Any CPU.Build.0 = Debug|Any CPU
		{09F2B0E3-87D6-4978-A91B-18144A759FD7}.Release|Any CPU.ActiveCfg = Release|Any CPU
		{09F2B0E3-87D6-4978-A91B-18144A759FD7}.Release|Any CPU.Build.0 = Release|Any CPU
	EndGlobalSection
	GlobalSection(SolutionProperties) = preSolution
		HideSolutionNode = FALSE
	EndGlobalSection
	GlobalSection(ExtensibilityGlobals) = postSolution
		SolutionGuid = {E23D8F69-520C-4AAF-BCA3-7A74E5D70D78}
	EndGlobalSection
EndGlobal
