
Microsoft Visual Studio Solution File, Format Version 12.00
# Visual Studio Version 16
VisualStudioVersion = 16.0.30611.23
MinimumVisualStudioVersion = 10.0.40219.1
Project("{FAE04EC0-301F-11D3-BF4B-00C04F79EFBC}") = "FileDetails", "FileDetails.csproj", "{4394A29E-124E-430A-A402-CB23A8DF82C0}"
EndProject
Global
	GlobalSection(SolutionConfigurationPlatforms) = preSolution
		Debug|Any CPU = Debug|Any CPU
		Release|Any CPU = Release|Any CPU
	EndGlobalSection
	GlobalSection(ProjectConfigurationPlatforms) = postSolution
		{4394A29E-124E-430A-A402-CB23A8DF82C0}.Debug|Any CPU.ActiveCfg = Debug|Any CPU
		{4394A29E-124E-430A-A402-CB23A8DF82C0}.Debug|Any CPU.Build.0 = Debug|Any CPU
		{4394A29E-124E-430A-A402-CB23A8DF82C0}.Release|Any CPU.ActiveCfg = Release|Any CPU
		{4394A29E-124E-430A-A402-CB23A8DF82C0}.Release|Any CPU.Build.0 = Release|Any CPU
	EndGlobalSection
	GlobalSection(SolutionProperties) = preSolution
		HideSolutionNode = FALSE
	EndGlobalSection
	GlobalSection(ExtensibilityGlobals) = postSolution
		SolutionGuid = {5480D418-5336-480A-A6BA-58E6999D8FBB}
	EndGlobalSection
EndGlobal
